
Microsoft Visual Studio Solution File, Format Version 12.00
# Visual Studio Version 17
VisualStudioVersion = 17.4.33403.182
MinimumVisualStudioVersion = 10.0.40219.1
Project("{FAE04EC0-301F-11D3-BF4B-00C04F79EFBC}") = "Congratulator", "Congratulator\Congratulator.csproj", "{771CBBAB-6180-406E-B042-EF9119A65BE1}"
EndProject
Global
	GlobalSection(SolutionConfigurationPlatforms) = preSolution
		Debug|Any CPU = Debug|Any CPU
		Release|Any CPU = Release|Any CPU
	EndGlobalSection
	GlobalSection(ProjectConfigurationPlatforms) = postSolution
		{771CBBAB-6180-406E-B042-EF9119A65BE1}.Debug|Any CPU.ActiveCfg = Debug|Any CPU
		{771CBBAB-6180-406E-B042-EF9119A65BE1}.Debug|Any CPU.Build.0 = Debug|Any CPU
		{771CBBAB-6180-406E-B042-EF9119A65BE1}.Release|Any CPU.ActiveCfg = Release|Any CPU
		{771CBBAB-6180-406E-B042-EF9119A65BE1}.Release|Any CPU.Build.0 = Release|Any CPU
	EndGlobalSection
	GlobalSection(SolutionProperties) = preSolution
		HideSolutionNode = FALSE
	EndGlobalSection
	GlobalSection(ExtensibilityGlobals) = postSolution
		SolutionGuid = {44B6E343-98AA-444A-B77B-EE088539D79F}
	EndGlobalSection
EndGlobal
